
Microsoft Visual Studio Solution File, Format Version 12.00
# Visual Studio Version 16
VisualStudioVersion = 16.0.30204.135
MinimumVisualStudioVersion = 10.0.40219.1
Project("{9A19103F-16F7-4668-BE54-9A1E7A4F7556}") = "Bolter", "Bolter\Bolter.csproj", "{B4C8C844-3E37-4B57-BF71-D4AA2C137496}"
EndProject
Project("{9A19103F-16F7-4668-BE54-9A1E7A4F7556}") = "Demo", "Demo\Demo.csproj", "{7960B8E4-84B8-4DC7-8DA9-F69083930E4F}"
EndProject
Project("{2150E333-8FDC-42A3-9474-1A3956D46DE8}") = "Solution Items", "Solution Items", "{CA5025C7-F7C8-44FC-AD27-841037A16CC3}"
	ProjectSection(SolutionItems) = preProject
		Readme.md = Readme.md
	EndProjectSection
EndProject
Project("{9A19103F-16F7-4668-BE54-9A1E7A4F7556}") = "DemoWPF", "DemoWPF\DemoWPF.csproj", "{0EAE0A8F-2243-40B2-B643-6D5A8CDB1F92}"
EndProject
Project("{9A19103F-16F7-4668-BE54-9A1E7A4F7556}") = "BolterRespawner", "BolterRespawner\BolterRespawner.csproj", "{B63469AC-3086-462A-A5D0-3EBB97E4A4B7}"
EndProject
Project("{9A19103F-16F7-4668-BE54-9A1E7A4F7556}") = "BridgeProcess", "BridgeProcess\BridgeProcess.csproj", "{73090E42-8DDF-47A8-AD63-004736D5BBD8}"
EndProject
Project("{FAE04EC0-301F-11D3-BF4B-00C04F79EFBC}") = "AdminBolterService", "AdminBolterService\AdminBolterService.csproj", "{196DC127-5BB6-4648-8D5C-41913F229081}"
EndProject
Project("{9A19103F-16F7-4668-BE54-9A1E7A4F7556}") = "BolterAdminApp", "BolterAdminApp\BolterAdminApp.csproj", "{39B1350A-836D-4B28-A43F-C27C53CF7360}"
EndProject
Global
	GlobalSection(SolutionConfigurationPlatforms) = preSolution
		Debug|Any CPU = Debug|Any CPU
		Release|Any CPU = Release|Any CPU
	EndGlobalSection
	GlobalSection(ProjectConfigurationPlatforms) = postSolution
		{B4C8C844-3E37-4B57-BF71-D4AA2C137496}.Debug|Any CPU.ActiveCfg = Debug|Any CPU
		{B4C8C844-3E37-4B57-BF71-D4AA2C137496}.Debug|Any CPU.Build.0 = Debug|Any CPU
		{B4C8C844-3E37-4B57-BF71-D4AA2C137496}.Release|Any CPU.ActiveCfg = Release|Any CPU
		{B4C8C844-3E37-4B57-BF71-D4AA2C137496}.Release|Any CPU.Build.0 = Release|Any CPU
		{7960B8E4-84B8-4DC7-8DA9-F69083930E4F}.Debug|Any CPU.ActiveCfg = Debug|Any CPU
		{7960B8E4-84B8-4DC7-8DA9-F69083930E4F}.Debug|Any CPU.Build.0 = Debug|Any CPU
		{7960B8E4-84B8-4DC7-8DA9-F69083930E4F}.Release|Any CPU.ActiveCfg = Release|Any CPU
		{7960B8E4-84B8-4DC7-8DA9-F69083930E4F}.Release|Any CPU.Build.0 = Release|Any CPU
		{0EAE0A8F-2243-40B2-B643-6D5A8CDB1F92}.Debug|Any CPU.ActiveCfg = Debug|Any CPU
		{0EAE0A8F-2243-40B2-B643-6D5A8CDB1F92}.Debug|Any CPU.Build.0 = Debug|Any CPU
		{0EAE0A8F-2243-40B2-B643-6D5A8CDB1F92}.Release|Any CPU.ActiveCfg = Release|Any CPU
		{0EAE0A8F-2243-40B2-B643-6D5A8CDB1F92}.Release|Any CPU.Build.0 = Release|Any CPU
		{B63469AC-3086-462A-A5D0-3EBB97E4A4B7}.Debug|Any CPU.ActiveCfg = Debug|Any CPU
		{B63469AC-3086-462A-A5D0-3EBB97E4A4B7}.Debug|Any CPU.Build.0 = Debug|Any CPU
		{B63469AC-3086-462A-A5D0-3EBB97E4A4B7}.Release|Any CPU.ActiveCfg = Release|Any CPU
		{B63469AC-3086-462A-A5D0-3EBB97E4A4B7}.Release|Any CPU.Build.0 = Release|Any CPU
		{73090E42-8DDF-47A8-AD63-004736D5BBD8}.Debug|Any CPU.ActiveCfg = Debug|Any CPU
		{73090E42-8DDF-47A8-AD63-004736D5BBD8}.Debug|Any CPU.Build.0 = Debug|Any CPU
		{73090E42-8DDF-47A8-AD63-004736D5BBD8}.Release|Any CPU.ActiveCfg = Release|Any CPU
		{73090E42-8DDF-47A8-AD63-004736D5BBD8}.Release|Any CPU.Build.0 = Release|Any CPU
		{196DC127-5BB6-4648-8D5C-41913F229081}.Debug|Any CPU.ActiveCfg = Debug|Any CPU
		{196DC127-5BB6-4648-8D5C-41913F229081}.Debug|Any CPU.Build.0 = Debug|Any CPU
		{196DC127-5BB6-4648-8D5C-41913F229081}.Release|Any CPU.ActiveCfg = Release|Any CPU
		{196DC127-5BB6-4648-8D5C-41913F229081}.Release|Any CPU.Build.0 = Release|Any CPU
		{39B1350A-836D-4B28-A43F-C27C53CF7360}.Debug|Any CPU.ActiveCfg = Debug|Any CPU
		{39B1350A-836D-4B28-A43F-C27C53CF7360}.Debug|Any CPU.Build.0 = Debug|Any CPU
		{39B1350A-836D-4B28-A43F-C27C53CF7360}.Release|Any CPU.ActiveCfg = Release|Any CPU
		{39B1350A-836D-4B28-A43F-C27C53CF7360}.Release|Any CPU.Build.0 = Release|Any CPU
	EndGlobalSection
	GlobalSection(SolutionProperties) = preSolution
		HideSolutionNode = FALSE
	EndGlobalSection
	GlobalSection(ExtensibilityGlobals) = postSolution
		SolutionGuid = {88750BB4-347A-4D1D-AAB5-D7014C70009E}
	EndGlobalSection
EndGlobal
